# This file is automatically @generated by Cargo.
# It is not intended for manual editing.
version = 4

[[package]]
name = "inference-runtime"
version = "0.1.0"

[[package]]
name = "retrieval-core"
version = "0.1.0"

[[package]]
name = "rqmd"
version = "0.1.0"
dependencies = [
 "inference-runtime",
 "retrieval-core",
]
